
Microsoft Visual Studio Solution File, Format Version 12.00
# Visual Studio Version 17
VisualStudioVersion = 17.4.33213.308
MinimumVisualStudioVersion = 10.0.40219.1
Project("{9A19103F-16F7-4668-BE54-9A1E7A4F7556}") = "Rogue", "Rogue\Rogue.csproj", "{3970D0C9-1F4B-4763-9EAD-0F3E074C22F1}"
EndProject
Project("{9A19103F-16F7-4668-BE54-9A1E7A4F7556}") = "TurboMapReader", "..\..\Olio\TurboMapReader\TurboMapReader.csproj", "{E9BE3178-834D-48ED-A23A-C4B5C5CC6E9B}"
EndProject
Project("{9A19103F-16F7-4668-BE54-9A1E7A4F7556}") = "RayGuiCreator", "..\..\..\CWC\RayGuiCreator\RayGuiCreator\RayGuiCreator.csproj", "{1283A43E-9C60-43CE-90F1-393E1A759362}"
EndProject
Project("{FAE04EC0-301F-11D3-BF4B-00C04F79EFBC}") = "Viholliseditori", "Viholliseditori\Viholliseditori.csproj", "{DD07A4F2-7771-4ED1-B6A5-E5A9795C4D5A}"
EndProject
Global
	GlobalSection(SolutionConfigurationPlatforms) = preSolution
		Debug|Any CPU = Debug|Any CPU
		Release|Any CPU = Release|Any CPU
	EndGlobalSection
	GlobalSection(ProjectConfigurationPlatforms) = postSolution
		{3970D0C9-1F4B-4763-9EAD-0F3E074C22F1}.Debug|Any CPU.ActiveCfg = Debug|Any CPU
		{3970D0C9-1F4B-4763-9EAD-0F3E074C22F1}.Debug|Any CPU.Build.0 = Debug|Any CPU
		{3970D0C9-1F4B-4763-9EAD-0F3E074C22F1}.Release|Any CPU.ActiveCfg = Release|Any CPU
		{3970D0C9-1F4B-4763-9EAD-0F3E074C22F1}.Release|Any CPU.Build.0 = Release|Any CPU
		{E9BE3178-834D-48ED-A23A-C4B5C5CC6E9B}.Debug|Any CPU.ActiveCfg = Debug|Any CPU
		{E9BE3178-834D-48ED-A23A-C4B5C5CC6E9B}.Debug|Any CPU.Build.0 = Debug|Any CPU
		{E9BE3178-834D-48ED-A23A-C4B5C5CC6E9B}.Release|Any CPU.ActiveCfg = Release|Any CPU
		{E9BE3178-834D-48ED-A23A-C4B5C5CC6E9B}.Release|Any CPU.Build.0 = Release|Any CPU
		{1283A43E-9C60-43CE-90F1-393E1A759362}.Debug|Any CPU.ActiveCfg = Debug|Any CPU
		{1283A43E-9C60-43CE-90F1-393E1A759362}.Debug|Any CPU.Build.0 = Debug|Any CPU
		{1283A43E-9C60-43CE-90F1-393E1A759362}.Release|Any CPU.ActiveCfg = Release|Any CPU
		{1283A43E-9C60-43CE-90F1-393E1A759362}.Release|Any CPU.Build.0 = Release|Any CPU
		{DD07A4F2-7771-4ED1-B6A5-E5A9795C4D5A}.Debug|Any CPU.ActiveCfg = Debug|Any CPU
		{DD07A4F2-7771-4ED1-B6A5-E5A9795C4D5A}.Debug|Any CPU.Build.0 = Debug|Any CPU
		{DD07A4F2-7771-4ED1-B6A5-E5A9795C4D5A}.Release|Any CPU.ActiveCfg = Release|Any CPU
		{DD07A4F2-7771-4ED1-B6A5-E5A9795C4D5A}.Release|Any CPU.Build.0 = Release|Any CPU
	EndGlobalSection
	GlobalSection(SolutionProperties) = preSolution
		HideSolutionNode = FALSE
	EndGlobalSection
	GlobalSection(ExtensibilityGlobals) = postSolution
		SolutionGuid = {BE8AFA09-B37A-4714-AD3A-508D8F93832B}
	EndGlobalSection
EndGlobal
